
Microsoft Visual Studio Solution File, Format Version 12.00
# Visual Studio Version 17
VisualStudioVersion = 17.7.34024.191
MinimumVisualStudioVersion = 10.0.40219.1
Project("{FAE04EC0-301F-11D3-BF4B-00C04F79EFBC}") = "WpfApp5", "WpfApp5.csproj", "{92EDCA3D-6F47-42A9-B5D7-1898A3E6FD94}"
EndProject
Global
	GlobalSection(SolutionConfigurationPlatforms) = preSolution
		Debug|Any CPU = Debug|Any CPU
		Release|Any CPU = Release|Any CPU
	EndGlobalSection
	GlobalSection(ProjectConfigurationPlatforms) = postSolution
		{92EDCA3D-6F47-42A9-B5D7-1898A3E6FD94}.Debug|Any CPU.ActiveCfg = Debug|Any CPU
		{92EDCA3D-6F47-42A9-B5D7-1898A3E6FD94}.Debug|Any CPU.Build.0 = Debug|Any CPU
		{92EDCA3D-6F47-42A9-B5D7-1898A3E6FD94}.Release|Any CPU.ActiveCfg = Release|Any CPU
		{92EDCA3D-6F47-42A9-B5D7-1898A3E6FD94}.Release|Any CPU.Build.0 = Release|Any CPU
	EndGlobalSection
	GlobalSection(SolutionProperties) = preSolution
		HideSolutionNode = FALSE
	EndGlobalSection
	GlobalSection(ExtensibilityGlobals) = postSolution
		SolutionGuid = {56CBA019-221E-4332-A0DA-0D747A47A2DF}
	EndGlobalSection
EndGlobal
